// !$*UTF8*$!
{
	archiveVersion = 1;
	classes = {
	};
	objectVersion = 46;
	objects = {

/* Begin PBXBuildFile section */
		18D8B21D1B92FA5B001149C5 /* main.m in Sources */ = {isa = PBXBuildFile; fileRef = 18D8B21C1B92FA5B001149C5 /* main.m */; };
		18D8B2201B92FA5B001149C5 /* AppDelegate.m in Sources */ = {isa = PBXBuildFile; fileRef = 18D8B21F1B92FA5B001149C5 /* AppDelegate.m */; };
		18D8B2231B92FA5B001149C5 /* test.xcdatamodeld in Sources */ = {isa = PBXBuildFile; fileRef = 18D8B2211B92FA5B001149C5 /* test.xcdatamodeld */; };
		18D8B2261B92FA5B001149C5 /* ViewController.m in Sources */ = {isa = PBXBuildFile; fileRef = 18D8B2251B92FA5B001149C5 /* ViewController.m */; };
		18D8B2291B92FA5B001149C5 /* Main.storyboard in Resources */ = {isa = PBXBuildFile; fileRef = 18D8B2271B92FA5B001149C5 /* Main.storyboard */; };
		18D8B22B1B92FA5B001149C5 /* Images.xcassets in Resources */ = {isa = PBXBuildFile; fileRef = 18D8B22A1B92FA5B001149C5 /* Images.xcassets */; };
		18D8B22E1B92FA5B001149C5 /* LaunchScreen.xib in Resources */ = {isa = PBXBuildFile; fileRef = 18D8B22C1B92FA5B001149C5 /* LaunchScreen.xib */; };
		18D8B23A1B92FA5B001149C5 /* testTests.m in Sources */ = {isa = PBXBuildFile; fileRef = 18D8B2391B92FA5B001149C5 /* testTests.m */; };
/* End PBXBuildFile section */

/* Begin PBXContainerItemProxy section */
		18D8B2341B92FA5B001149C5 /* PBXContainerItemProxy */ = {
			isa = PBXContainerItemProxy;
			containerPortal = 18D8B20F1B92FA5B001149C5 /* Project object */;
			proxyType = 1;
			remoteGlobalIDString = 18D8B2161B92FA5B001149C5;
			remoteInfo = test;
		};
/* End PBXContainerItemProxy section */

/* Begin PBXFileReference section */
		18D8B2171B92FA5B001149C5 /* test.app */ = {isa = PBXFileReference; explicitFileType = wrapper.application; includeInIndex = 0; path = test.app; sourceTree = BUILT_PRODUCTS_DIR; };
		18D8B21B1B92FA5B001149C5 /* Info.plist */ = {isa = PBXFileReference; lastKnownFileType = text.plist.xml; path = Info.plist; sourceTree = "<group>"; };
		18D8B21C1B92FA5B001149C5 /* main.m */ = {isa = PBXFileReference; lastKnownFileType = sourcecode.c.objc; path = main.m; sourceTree = "<group>"; };
		18D8B21E1B92FA5B001149C5 /* AppDelegate.h */ = {isa = PBXFileReference; lastKnownFileType = sourcecode.c.h; path = AppDelegate.h; sourceTree = "<group>"; };
		18D8B21F1B92FA5B001149C5 /* AppDelegate.m */ = {isa = PBXFileReference; lastKnownFileType = sourcecode.c.objc; path = AppDelegate.m; sourceTree = "<group>"; };
		18D8B2221B92FA5B001149C5 /* test.xcdatamodel */ = {isa = PBXFileReference; lastKnownFileType = wrapper.xcdatamodel; path = test.xcdatamodel; sourceTree = "<group>"; };
		18D8B2241B92FA5B001149C5 /* ViewController.h */ = {isa = PBXFileReference; lastKnownFileType = sourcecode.c.h; path = ViewController.h; sourceTree = "<group>"; };
		18D8B2251B92FA5B001149C5 /* ViewController.m */ = {isa = PBXFileReference; lastKnownFileType = sourcecode.c.objc; path = ViewController.m; sourceTree = "<group>"; };
		18D8B2281B92FA5B001149C5 /* Base */ = {isa = PBXFileReference; lastKnownFileType = file.storyboard; name = Base; path = Base.lproj/Main.storyboard; sourceTree = "<group>"; };
		18D8B22A1B92FA5B001149C5 /* Images.xcassets */ = {isa = PBXFileReference; lastKnownFileType = folder.assetcatalog; path = Images.xcassets; sourceTree = "<group>"; };
		18D8B22D1B92FA5B001149C5 /* Base */ = {isa = PBXFileReference; lastKnownFileType = file.xib; name = Base; path = Base.lproj/LaunchScreen.xib; sourceTree = "<group>"; };
		18D8B2331B92FA5B001149C5 /* testTests.xctest */ = {isa = PBXFileReference; explicitFileType = wrapper.cfbundle; includeInIndex = 0; path = testTests.xctest; sourceTree = BUILT_PRODUCTS_DIR; };
		18D8B2381B92FA5B001149C5 /* Info.plist */ = {isa = PBXFileReference; lastKnownFileType = text.plist.xml; path = Info.plist; sourceTree = "<group>"; };
		18D8B2391B92FA5B001149C5 /* testTests.m */ = {isa = PBXFileReference; lastKnownFileType = sourcecode.c.objc; path = testTests.m; sourceTree = "<group>"; };
/* End PBXFileReference section */

/* Begin PBXFrameworksBuildPhase section */
		18D8B2141B92FA5B001149C5 /* Frameworks */ = {
			isa = PBXFrameworksBuildPhase;
			buildActionMask = 2147483647;
			files = (
			);
			runOnlyForDeploymentPostprocessing = 0;
		};
		18D8B2301B92FA5B001149C5 /* Frameworks */ = {
			isa = PBXFrameworksBuildPhase;
			buildActionMask = 2147483647;
			files = (
			);
			runOnlyForDeploymentPostprocessing = 0;
		};
/* End PBXFrameworksBuildPhase section */

/* Begin PBXGroup section */
		18D8B20E1B92FA5B001149C5 = {
			isa = PBXGroup;
			children = (
				18D8B2191B92FA5B001149C5 /* test */,
				18D8B2361B92FA5B001149C5 /* testTests */,
				18D8B2181B92FA5B001149C5 /* Products */,
			);
			sourceTree = "<group>";
		};
		18D8B2181B92FA5B001149C5 /* Products */ = {
			isa = PBXGroup;
			children = (
				18D8B2171B92FA5B001149C5 /* test.app */,
				18D8B2331B92FA5B001149C5 /* testTests.xctest */,
			);
			name = Products;
			sourceTree = "<group>";
		};
		18D8B2191B92FA5B001149C5 /* test */ = {
			isa = PBXGroup;
			children = (
				18D8B21E1B92FA5B001149C5 /* AppDelegate.h */,
				18D8B21F1B92FA5B001149C5 /* AppDelegate.m */,
				18D8B2241B92FA5B001149C5 /* ViewController.h */,
				18D8B2251B92FA5B001149C5 /* ViewController.m */,
				18D8B2271B92FA5B001149C5 /* Main.storyboard */,
				18D8B22A1B92FA5B001149C5 /* Images.xcassets */,
				18D8B22C1B92FA5B001149C5 /* LaunchScreen.xib */,
				18D8B2211B92FA5B001149C5 /* test.xcdatamodeld */,
				18D8B21A1B92FA5B001149C5 /* Supporting Files */,
			);
			path = test;
			sourceTree = "<group>";
		};
		18D8B21A1B92FA5B001149C5 /* Supporting Files */ = {
			isa = PBXGroup;
			children = (
				18D8B21B1B92FA5B001149C5 /* Info.plist */,
				18D8B21C1B92FA5B001149C5 /* main.m */,
			);
			name = "Supporting Files";
			sourceTree = "<group>";
		};
		18D8B2361B92FA5B001149C5 /* testTests */ = {
			isa = PBXGroup;
			children = (
				18D8B2391B92FA5B001149C5 /* testTests.m */,
				18D8B2371B92FA5B001149C5 /* Supporting Files */,
			);
			path = testTests;
			sourceTree = "<group>";
		};
		18D8B2371B92FA5B001149C5 /* Supporting Files */ = {
			isa = PBXGroup;
			children = (
				18D8B2381B92FA5B001149C5 /* Info.plist */,
			);
			name = "Supporting Files";
			sourceTree = "<group>";
		};
/* End PBXGroup section */

/* Begin PBXNativeTarget section */
		18D8B2161B92FA5B001149C5 /* test */ = {
			isa = PBXNativeTarget;
			buildConfigurationList = 18D8B23D1B92FA5B001149C5 /* Build configuration list for PBXNativeTarget "test" */;
			buildPhases = (
				18D8B2131B92FA5B001149C5 /* Sources */,
				18D8B2141B92FA5B001149C5 /* Frameworks */,
				18D8B2151B92FA5B001149C5 /* Resources */,
			);
			buildRules = (
			);
			dependencies = (
			);
			name = test;
			productName = test;
			productReference = 18D8B2171B92FA5B001149C5 /* test.app */;
			productType = "com.apple.product-type.application";
		};
		18D8B2321B92FA5B001149C5 /* testTests */ = {
			isa = PBXNativeTarget;
			buildConfigurationList = 18D8B2401B92FA5B001149C5 /* Build configuration list for PBXNativeTarget "testTests" */;
			buildPhases = (
				18D8B22F1B92FA5B001149C5 /* Sources */,
				18D8B2301B92FA5B001149C5 /* Frameworks */,
				18D8B2311B92FA5B001149C5 /* Resources */,
			);
			buildRules = (
			);
			dependencies = (
				18D8B2351B92FA5B001149C5 /* PBXTargetDependency */,
			);
			name = testTests;
			productName = testTests;
			productReference = 18D8B2331B92FA5B001149C5 /* testTests.xctest */;
			productType = "com.apple.product-type.bundle.unit-test";
		};
/* End PBXNativeTarget section */

/* Begin PBXProject section */
		18D8B20F1B92FA5B001149C5 /* Project object */ = {
			isa = PBXProject;
			attributes = {
				LastUpgradeCheck = 0640;
				ORGANIZATIONNAME = Apple;
				TargetAttributes = {
					18D8B2161B92FA5B001149C5 = {
						CreatedOnToolsVersion = 6.4;
					};
					18D8B2321B92FA5B001149C5 = {
						CreatedOnToolsVersion = 6.4;
						TestTargetID = 18D8B2161B92FA5B001149C5;
					};
				};
			};
			buildConfigurationList = 18D8B2121B92FA5B001149C5 /* Build configuration list for PBXProject "test" */;
			compatibilityVersion = "Xcode 3.2";
			developmentRegion = English;
			hasScannedForEncodings = 0;
			knownRegions = (
				en,
				Base,
			);
			mainGroup = 18D8B20E1B92FA5B001149C5;
			productRefGroup = 18D8B2181B92FA5B001149C5 /* Products */;
			projectDirPath = "";
			projectRoot = "";
			targets = (
				18D8B2161B92FA5B001149C5 /* test */,
				18D8B2321B92FA5B001149C5 /* testTests */,
			);
		};
/* End PBXProject section */

/* Begin PBXResourcesBuildPhase section */
		18D8B2151B92FA5B001149C5 /* Resources */ = {
			isa = PBXResourcesBuildPhase;
			buildActionMask = 2147483647;
			files = (
				18D8B2291B92FA5B001149C5 /* Main.storyboard in Resources */,
				18D8B22E1B92FA5B001149C5 /* LaunchScreen.xib in Resources */,
				18D8B22B1B92FA5B001149C5 /* Images.xcassets in Resources */,
			);
			runOnlyForDeploymentPostprocessing = 0;
		};
		18D8B2311B92FA5B001149C5 /* Resources */ = {
			isa = PBXResourcesBuildPhase;
			buildActionMask = 2147483647;
			files = (
			);
			runOnlyForDeploymentPostprocessing = 0;
		};
/* End PBXResourcesBuildPhase section */

/* Begin PBXSourcesBuildPhase section */
		18D8B2131B92FA5B001149C5 /* Sources */ = {
			isa = PBXSourcesBuildPhase;
			buildActionMask = 2147483647;
			files = (
				18D8B2201B92FA5B001149C5 /* AppDelegate.m in Sources */,
				18D8B21D1B92FA5B001149C5 /* main.m in Sources */,
				18D8B2261B92FA5B001149C5 /* ViewController.m in Sources */,
				18D8B2231B92FA5B001149C5 /* test.xcdatamodeld in Sources */,
			);
			runOnlyForDeploymentPostprocessing = 0;
		};
		18D8B22F1B92FA5B001149C5 /* Sources */ = {
			isa = PBXSourcesBuildPhase;
			buildActionMask = 2147483647;
			files = (
				18D8B23A1B92FA5B001149C5 /* testTests.m in Sources */,
			);
			runOnlyForDeploymentPostprocessing = 0;
		};
/* End PBXSourcesBuildPhase section */

/* Begin PBXTargetDependency section */
		18D8B2351B92FA5B001149C5 /* PBXTargetDependency */ = {
			isa = PBXTargetDependency;
			target = 18D8B2161B92FA5B001149C5 /* test */;
			targetProxy = 18D8B2341B92FA5B001149C5 /* PBXContainerItemProxy */;
		};
/* End PBXTargetDependency section */

/* Begin PBXVariantGroup section */
		18D8B2271B92FA5B001149C5 /* Main.storyboard */ = {
			isa = PBXVariantGroup;
			children = (
				18D8B2281B92FA5B001149C5 /* Base */,
			);
			name = Main.storyboard;
			sourceTree = "<group>";
		};
		18D8B22C1B92FA5B001149C5 /* LaunchScreen.xib */ = {
			isa = PBXVariantGroup;
			children = (
				18D8B22D1B92FA5B001149C5 /* Base */,
			);
			name = LaunchScreen.xib;
			sourceTree = "<group>";
		};
/* End PBXVariantGroup section */

/* Begin XCBuildConfiguration section */
		18D8B23B1B92FA5B001149C5 /* Debug */ = {
			isa = XCBuildConfiguration;
			buildSettings = {
				ALWAYS_SEARCH_USER_PATHS = NO;
				CLANG_CXX_LANGUAGE_STANDARD = "gnu++0x";
				CLANG_CXX_LIBRARY = "libc++";
				CLANG_ENABLE_MODULES = YES;
				CLANG_ENABLE_OBJC_ARC = YES;
				CLANG_WARN_BOOL_CONVERSION = YES;
				CLANG_WARN_CONSTANT_CONVERSION = YES;
				CLANG_WARN_DIRECT_OBJC_ISA_USAGE = YES_ERROR;
				CLANG_WARN_EMPTY_BODY = YES;
				CLANG_WARN_ENUM_CONVERSION = YES;
				CLANG_WARN_INT_CONVERSION = YES;
				CLANG_WARN_OBJC_ROOT_CLASS = YES_ERROR;
				CLANG_WARN_UNREACHABLE_CODE = YES;
				CLANG_WARN__DUPLICATE_METHOD_MATCH = YES;
				"CODE_SIGN_IDENTITY[sdk=iphoneos*]" = "iPhone Developer";
				COPY_PHASE_STRIP = NO;
				DEBUG_INFORMATION_FORMAT = "dwarf-with-dsym";
				ENABLE_STRICT_OBJC_MSGSEND = YES;
				GCC_C_LANGUAGE_STANDARD = gnu99;
				GCC_DYNAMIC_NO_PIC = NO;
				GCC_NO_COMMON_BLOCKS = YES;
				GCC_OPTIMIZATION_LEVEL = 0;
				GCC_PREPROCESSOR_DEFINITIONS = (
					"DEBUG=1",
					"$(inherited)",
				);
				GCC_SYMBOLS_PRIVATE_EXTERN = NO;
				GCC_WARN_64_TO_32_BIT_CONVERSION = YES;
				GCC_WARN_ABOUT_RETURN_TYPE = YES_ERROR;
				GCC_WARN_UNDECLARED_SELECTOR = YES;
				GCC_WARN_UNINITIALIZED_AUTOS = YES_AGGRESSIVE;
				GCC_WARN_UNUSED_FUNCTION = YES;
				GCC_WARN_UNUSED_VARIABLE = YES;
				IPHONEOS_DEPLOYMENT_TARGET = 8.4;
				MTL_ENABLE_DEBUG_INFO = YES;
				ONLY_ACTIVE_ARCH = YES;
				SDKROOT = iphoneos;
			};
			name = Debug;
		};
		18D8B23C1B92FA5B001149C5 /* Release */ = {
			isa = XCBuildConfiguration;
			buildSettings = {
				ALWAYS_SEARCH_USER_PATHS = NO;
				CLANG_CXX_LANGUAGE_STANDARD = "gnu++0x";
				CLANG_CXX_LIBRARY = "libc++";
				CLANG_ENABLE_MODULES = YES;
				CLANG_ENABLE_OBJC_ARC = YES;
				CLANG_WARN_BOOL_CONVERSION = YES;
				CLANG_WARN_CONSTANT_CONVERSION = YES;
				CLANG_WARN_DIRECT_OBJC_ISA_USAGE = YES_ERROR;
				CLANG_WARN_EMPTY_BODY = YES;
				CLANG_WARN_ENUM_CONVERSION = YES;
				CLANG_WARN_INT_CONVERSION = YES;
				CLANG_WARN_OBJC_ROOT_CLASS = YES_ERROR;
				CLANG_WARN_UNREACHABLE_CODE = YES;
				CLANG_WARN__DUPLICATE_METHOD_MATCH = YES;
				"CODE_SIGN_IDENTITY[sdk=iphoneos*]" = "iPhone Developer";
				COPY_PHASE_STRIP = NO;
				DEBUG_INFORMATION_FORMAT = "dwarf-with-dsym";
				ENABLE_NS_ASSERTIONS = NO;
				ENABLE_STRICT_OBJC_MSGSEND = YES;
				GCC_C_LANGUAGE_STANDARD = gnu99;
				GCC_NO_COMMON_BLOCKS = YES;
				GCC_WARN_64_TO_32_BIT_CONVERSION = YES;
				GCC_WARN_ABOUT_RETURN_TYPE = YES_ERROR;
				GCC_WARN_UNDECLARED_SELECTOR = YES;
				GCC_WARN_UNINITIALIZED_AUTOS = YES_AGGRESSIVE;
				GCC_WARN_UNUSED_FUNCTION = YES;
				GCC_WARN_UNUSED_VARIABLE = YES;
				IPHONEOS_DEPLOYMENT_TARGET = 8.4;
				MTL_ENABLE_DEBUG_INFO = NO;
				SDKROOT = iphoneos;
				VALIDATE_PRODUCT = YES;
			};
			name = Release;
		};
		18D8B23E1B92FA5B001149C5 /* Debug */ = {
			isa = XCBuildConfiguration;
			buildSettings = {
				ASSETCATALOG_COMPILER_APPICON_NAME = AppIcon;
				INFOPLIST_FILE = test/Info.plist;
				LD_RUNPATH_SEARCH_PATHS = "$(inherited) @executable_path/Frameworks";
				PRODUCT_NAME = "$(TARGET_NAME)";
			};
			name = Debug;
		};
		18D8B23F1B92FA5B001149C5 /* Release */ = {
			isa = XCBuildConfiguration;
			buildSettings = {
				ASSETCATALOG_COMPILER_APPICON_NAME = AppIcon;
				INFOPLIST_FILE = test/Info.plist;
				LD_RUNPATH_SEARCH_PATHS = "$(inherited) @executable_path/Frameworks";
				PRODUCT_NAME = "$(TARGET_NAME)";
			};
			name = Release;
		};
		18D8B2411B92FA5B001149C5 /* Debug */ = {
			isa = XCBuildConfiguration;
			buildSettings = {
				BUNDLE_LOADER = "$(TEST_HOST)";
				FRAMEWORK_SEARCH_PATHS = (
					"$(SDKROOT)/Developer/Library/Frameworks",
					"$(inherited)",
				);
				GCC_PREPROCESSOR_DEFINITIONS = (
					"DEBUG=1",
					"$(inherited)",
				);
				INFOPLIST_FILE = testTests/Info.plist;
				LD_RUNPATH_SEARCH_PATHS = "$(inherited) @executable_path/Frameworks @loader_path/Frameworks";
				PRODUCT_NAME = "$(TARGET_NAME)";
				TEST_HOST = "$(BUILT_PRODUCTS_DIR)/test.app/test";
			};
			name = Debug;
		};
		18D8B2421B92FA5B001149C5 /* Release */ = {
			isa = XCBuildConfiguration;
			buildSettings = {
				BUNDLE_LOADER = "$(TEST_HOST)";
				FRAMEWORK_SEARCH_PATHS = (
					"$(SDKROOT)/Developer/Library/Frameworks",
					"$(inherited)",
				);
				INFOPLIST_FILE = testTests/Info.plist;
				LD_RUNPATH_SEARCH_PATHS = "$(inherited) @executable_path/Frameworks @loader_path/Frameworks";
				PRODUCT_NAME = "$(TARGET_NAME)";
				TEST_HOST = "$(BUILT_PRODUCTS_DIR)/test.app/test";
			};
			name = Release;
		};
/* End XCBuildConfiguration section */

/* Begin XCConfigurationList section */
		18D8B2121B92FA5B001149C5 /* Build configuration list for PBXProject "test" */ = {
			isa = XCConfigurationList;
			buildConfigurations = (
				18D8B23B1B92FA5B001149C5 /* Debug */,
				18D8B23C1B92FA5B001149C5 /* Release */,
			);
			defaultConfigurationIsVisible = 0;
			defaultConfigurationName = Release;
		};
		18D8B23D1B92FA5B001149C5 /* Build configuration list for PBXNativeTarget "test" */ = {
			isa = XCConfigurationList;
			buildConfigurations = (
				18D8B23E1B92FA5B001149C5 /* Debug */,
				18D8B23F1B92FA5B001149C5 /* Release */,
			);
			defaultConfigurationIsVisible = 0;
		};
		18D8B2401B92FA5B001149C5 /* Build configuration list for PBXNativeTarget "testTests" */ = {
			isa = XCConfigurationList;
			buildConfigurations = (
				18D8B2411B92FA5B001149C5 /* Debug */,
				18D8B2421B92FA5B001149C5 /* Release */,
			);
			defaultConfigurationIsVisible = 0;
		};
/* End XCConfigurationList section */

/* Begin XCVersionGroup section */
		18D8B2211B92FA5B001149C5 /* test.xcdatamodeld */ = {
			isa = XCVersionGroup;
			children = (
				18D8B2221B92FA5B001149C5 /* test.xcdatamodel */,
			);
			currentVersion = 18D8B2221B92FA5B001149C5 /* test.xcdatamodel */;
			path = test.xcdatamodeld;
			sourceTree = "<group>";
			versionGroupType = wrapper.xcdatamodel;
		};
/* End XCVersionGroup section */
	};
	rootObject = 18D8B20F1B92FA5B001149C5 /* Project object */;
}
